
Microsoft Visual Studio Solution File, Format Version 12.00
# Visual Studio Version 16
VisualStudioVersion = 16.0.31410.357
MinimumVisualStudioVersion = 10.0.40219.1
Project("{FAE04EC0-301F-11D3-BF4B-00C04F79EFBC}") = "ChuyenDeDiu", "ChuyenDeDiu\ChuyenDeDiu.csproj", "{2929BD8F-2AC8-45A1-B2D2-851FE3C00762}"
EndProject
Global
	GlobalSection(SolutionConfigurationPlatforms) = preSolution
		Debug|Any CPU = Debug|Any CPU
		Release|Any CPU = Release|Any CPU
	EndGlobalSection
	GlobalSection(ProjectConfigurationPlatforms) = postSolution
		{2929BD8F-2AC8-45A1-B2D2-851FE3C00762}.Debug|Any CPU.ActiveCfg = Debug|Any CPU
		{2929BD8F-2AC8-45A1-B2D2-851FE3C00762}.Debug|Any CPU.Build.0 = Debug|Any CPU
		{2929BD8F-2AC8-45A1-B2D2-851FE3C00762}.Release|Any CPU.ActiveCfg = Release|Any CPU
		{2929BD8F-2AC8-45A1-B2D2-851FE3C00762}.Release|Any CPU.Build.0 = Release|Any CPU
	EndGlobalSection
	GlobalSection(SolutionProperties) = preSolution
		HideSolutionNode = FALSE
	EndGlobalSection
	GlobalSection(ExtensibilityGlobals) = postSolution
		SolutionGuid = {3767E62E-1CA4-4338-96CF-D47D19F88D83}
	EndGlobalSection
EndGlobal
